
Microsoft Visual Studio Solution File, Format Version 12.00
# Visual Studio Version 17
VisualStudioVersion = 17.7.34024.191
MinimumVisualStudioVersion = 10.0.40219.1
Project("{FAE04EC0-301F-11D3-BF4B-00C04F79EFBC}") = "SPR_5", "SPR_5\SPR_5.csproj", "{1C51832C-9B6D-49AA-AD04-D5FB717C937B}"
EndProject
Global
	GlobalSection(SolutionConfigurationPlatforms) = preSolution
		Debug|Any CPU = Debug|Any CPU
		Release|Any CPU = Release|Any CPU
	EndGlobalSection
	GlobalSection(ProjectConfigurationPlatforms) = postSolution
		{1C51832C-9B6D-49AA-AD04-D5FB717C937B}.Debug|Any CPU.ActiveCfg = Debug|Any CPU
		{1C51832C-9B6D-49AA-AD04-D5FB717C937B}.Debug|Any CPU.Build.0 = Debug|Any CPU
		{1C51832C-9B6D-49AA-AD04-D5FB717C937B}.Release|Any CPU.ActiveCfg = Release|Any CPU
		{1C51832C-9B6D-49AA-AD04-D5FB717C937B}.Release|Any CPU.Build.0 = Release|Any CPU
	EndGlobalSection
	GlobalSection(SolutionProperties) = preSolution
		HideSolutionNode = FALSE
	EndGlobalSection
	GlobalSection(ExtensibilityGlobals) = postSolution
		SolutionGuid = {D1C3EDB6-1ABA-4A0A-B342-7EDC4210F99B}
	EndGlobalSection
EndGlobal
